
Microsoft Visual Studio Solution File, Format Version 12.00
# Visual Studio Version 17
VisualStudioVersion = 17.8.34322.80
MinimumVisualStudioVersion = 10.0.40219.1
Project("{FAE04EC0-301F-11D3-BF4B-00C04F79EFBC}") = "CoNaObiadAPI", "CoNaObiadAPI.csproj", "{257411BC-F820-4FB5-ADF3-579C91209A8A}"
EndProject
Global
	GlobalSection(SolutionConfigurationPlatforms) = preSolution
		Debug|Any CPU = Debug|Any CPU
		Release|Any CPU = Release|Any CPU
	EndGlobalSection
	GlobalSection(ProjectConfigurationPlatforms) = postSolution
		{257411BC-F820-4FB5-ADF3-579C91209A8A}.Debug|Any CPU.ActiveCfg = Debug|Any CPU
		{257411BC-F820-4FB5-ADF3-579C91209A8A}.Debug|Any CPU.Build.0 = Debug|Any CPU
		{257411BC-F820-4FB5-ADF3-579C91209A8A}.Release|Any CPU.ActiveCfg = Release|Any CPU
		{257411BC-F820-4FB5-ADF3-579C91209A8A}.Release|Any CPU.Build.0 = Release|Any CPU
	EndGlobalSection
	GlobalSection(SolutionProperties) = preSolution
		HideSolutionNode = FALSE
	EndGlobalSection
	GlobalSection(ExtensibilityGlobals) = postSolution
		SolutionGuid = {B85E3FA8-BE75-4BCB-913B-2331E1D46050}
	EndGlobalSection
EndGlobal
